
Microsoft Visual Studio Solution File, Format Version 12.00
# Visual Studio 15
VisualStudioVersion = 15.0.28307.852
MinimumVisualStudioVersion = 10.0.40219.1
Project("{FAE04EC0-301F-11D3-BF4B-00C04F79EFBC}") = "MySerialize", "MySerialize\MySerialize.csproj", "{74885CE8-A2AE-4AAE-8856-D6069E1EBE3F}"
EndProject
Global
	GlobalSection(SolutionConfigurationPlatforms) = preSolution
		Debug|Any CPU = Debug|Any CPU
		Release|Any CPU = Release|Any CPU
	EndGlobalSection
	GlobalSection(ProjectConfigurationPlatforms) = postSolution
		{74885CE8-A2AE-4AAE-8856-D6069E1EBE3F}.Debug|Any CPU.ActiveCfg = Debug|Any CPU
		{74885CE8-A2AE-4AAE-8856-D6069E1EBE3F}.Debug|Any CPU.Build.0 = Debug|Any CPU
		{74885CE8-A2AE-4AAE-8856-D6069E1EBE3F}.Release|Any CPU.ActiveCfg = Release|Any CPU
		{74885CE8-A2AE-4AAE-8856-D6069E1EBE3F}.Release|Any CPU.Build.0 = Release|Any CPU
	EndGlobalSection
	GlobalSection(SolutionProperties) = preSolution
		HideSolutionNode = FALSE
	EndGlobalSection
	GlobalSection(ExtensibilityGlobals) = postSolution
		SolutionGuid = {5808ECD6-E2C2-471E-BFAE-10C83DC1225C}
	EndGlobalSection
EndGlobal
